
Microsoft Visual Studio Solution File, Format Version 12.00
# Visual Studio Version 16
VisualStudioVersion = 16.0.29326.143
MinimumVisualStudioVersion = 10.0.40219.1
Project("{FAE04EC0-301F-11D3-BF4B-00C04F79EFBC}") = "2_7_Black-BoxTesting", "2_7_Black-BoxTesting\2_7_Black-BoxTesting.csproj", "{16CFF07A-56C5-426D-9640-9F20336B7AA9}"
EndProject
Project("{FAE04EC0-301F-11D3-BF4B-00C04F79EFBC}") = "TestNinja.UnitTests", "TestNinja.UnitTests\TestNinja.UnitTests.csproj", "{2DA8E4D9-2B92-4681-968A-2DB02579458E}"
EndProject
Global
	GlobalSection(SolutionConfigurationPlatforms) = preSolution
		Debug|Any CPU = Debug|Any CPU
		Release|Any CPU = Release|Any CPU
	EndGlobalSection
	GlobalSection(ProjectConfigurationPlatforms) = postSolution
		{16CFF07A-56C5-426D-9640-9F20336B7AA9}.Debug|Any CPU.ActiveCfg = Debug|Any CPU
		{16CFF07A-56C5-426D-9640-9F20336B7AA9}.Debug|Any CPU.Build.0 = Debug|Any CPU
		{16CFF07A-56C5-426D-9640-9F20336B7AA9}.Release|Any CPU.ActiveCfg = Release|Any CPU
		{16CFF07A-56C5-426D-9640-9F20336B7AA9}.Release|Any CPU.Build.0 = Release|Any CPU
		{2DA8E4D9-2B92-4681-968A-2DB02579458E}.Debug|Any CPU.ActiveCfg = Debug|Any CPU
		{2DA8E4D9-2B92-4681-968A-2DB02579458E}.Debug|Any CPU.Build.0 = Debug|Any CPU
		{2DA8E4D9-2B92-4681-968A-2DB02579458E}.Release|Any CPU.ActiveCfg = Release|Any CPU
		{2DA8E4D9-2B92-4681-968A-2DB02579458E}.Release|Any CPU.Build.0 = Release|Any CPU
	EndGlobalSection
	GlobalSection(SolutionProperties) = preSolution
		HideSolutionNode = FALSE
	EndGlobalSection
	GlobalSection(ExtensibilityGlobals) = postSolution
		SolutionGuid = {7F1CA13F-9DF9-43B7-B93C-7B5BB4521935}
	EndGlobalSection
EndGlobal
